// !$*UTF8*$!
{
	archiveVersion = 1;
	classes = {
	};
	objectVersion = 50;
	objects = {

/* Begin PBXBuildFile section */
		A5654056E92FB8863E11E4FB /* Pods_StayAwhile.framework in Frameworks */ = {isa = PBXBuildFile; fileRef = D4B77D50472E65387B8CA9A2 /* Pods_StayAwhile.framework */; };
		BF754F3C21F8C264000BB110 /* GoogleService-Info.plist in Resources */ = {isa = PBXBuildFile; fileRef = BF754F3B21F8C264000BB110 /* GoogleService-Info.plist */; };
		BF754F3E21F8C30D000BB110 /* Constants.swift in Sources */ = {isa = PBXBuildFile; fileRef = BF754F3D21F8C30D000BB110 /* Constants.swift */; };
		BFBD6E1521F8BCD100454534 /* AppDelegate.swift in Sources */ = {isa = PBXBuildFile; fileRef = BFBD6E1421F8BCD100454534 /* AppDelegate.swift */; };
		BFBD6E1721F8BCD100454534 /* ChatViewController.swift in Sources */ = {isa = PBXBuildFile; fileRef = BFBD6E1621F8BCD100454534 /* ChatViewController.swift */; };
		BFBD6E1A21F8BCD100454534 /* Main.storyboard in Resources */ = {isa = PBXBuildFile; fileRef = BFBD6E1821F8BCD100454534 /* Main.storyboard */; };
		BFBD6E1C21F8BCD200454534 /* Assets.xcassets in Resources */ = {isa = PBXBuildFile; fileRef = BFBD6E1B21F8BCD200454534 /* Assets.xcassets */; };
		BFBD6E1F21F8BCD200454534 /* LaunchScreen.storyboard in Resources */ = {isa = PBXBuildFile; fileRef = BFBD6E1D21F8BCD200454534 /* LaunchScreen.storyboard */; };
		BFFB908B21F9C844005D97D6 /* CollectionChatView.swift in Sources */ = {isa = PBXBuildFile; fileRef = BFFB908A21F9C844005D97D6 /* CollectionChatView.swift */; };
		BFFB908D21F9CF37005D97D6 /* TableChatView.swift in Sources */ = {isa = PBXBuildFile; fileRef = BFFB908C21F9CF37005D97D6 /* TableChatView.swift */; };
/* End PBXBuildFile section */

/* Begin PBXFileReference section */
		4ACE436EC1CC75EF4AB12164 /* Pods-StayAwhile.release.xcconfig */ = {isa = PBXFileReference; includeInIndex = 1; lastKnownFileType = text.xcconfig; name = "Pods-StayAwhile.release.xcconfig"; path = "Target Support Files/Pods-StayAwhile/Pods-StayAwhile.release.xcconfig"; sourceTree = "<group>"; };
		BF754F3A21F8BFFD000BB110 /* Bridging-Header.h */ = {isa = PBXFileReference; lastKnownFileType = sourcecode.c.h; path = "Bridging-Header.h"; sourceTree = "<group>"; };
		BF754F3B21F8C264000BB110 /* GoogleService-Info.plist */ = {isa = PBXFileReference; fileEncoding = 4; lastKnownFileType = text.plist.xml; path = "GoogleService-Info.plist"; sourceTree = "<group>"; };
		BF754F3D21F8C30D000BB110 /* Constants.swift */ = {isa = PBXFileReference; lastKnownFileType = sourcecode.swift; path = Constants.swift; sourceTree = "<group>"; };
		BFBD6E1121F8BCD100454534 /* StayAwhile.app */ = {isa = PBXFileReference; explicitFileType = wrapper.application; includeInIndex = 0; path = StayAwhile.app; sourceTree = BUILT_PRODUCTS_DIR; };
		BFBD6E1421F8BCD100454534 /* AppDelegate.swift */ = {isa = PBXFileReference; lastKnownFileType = sourcecode.swift; path = AppDelegate.swift; sourceTree = "<group>"; };
		BFBD6E1621F8BCD100454534 /* ChatViewController.swift */ = {isa = PBXFileReference; lastKnownFileType = sourcecode.swift; path = ChatViewController.swift; sourceTree = "<group>"; };
		BFBD6E1921F8BCD100454534 /* Base */ = {isa = PBXFileReference; lastKnownFileType = file.storyboard; name = Base; path = Base.lproj/Main.storyboard; sourceTree = "<group>"; };
		BFBD6E1B21F8BCD200454534 /* Assets.xcassets */ = {isa = PBXFileReference; lastKnownFileType = folder.assetcatalog; path = Assets.xcassets; sourceTree = "<group>"; };
		BFBD6E1E21F8BCD200454534 /* Base */ = {isa = PBXFileReference; lastKnownFileType = file.storyboard; name = Base; path = Base.lproj/LaunchScreen.storyboard; sourceTree = "<group>"; };
		BFBD6E2021F8BCD200454534 /* Info.plist */ = {isa = PBXFileReference; lastKnownFileType = text.plist.xml; path = Info.plist; sourceTree = "<group>"; };
		BFFB908A21F9C844005D97D6 /* CollectionChatView.swift */ = {isa = PBXFileReference; lastKnownFileType = sourcecode.swift; path = CollectionChatView.swift; sourceTree = "<group>"; };
		BFFB908C21F9CF37005D97D6 /* TableChatView.swift */ = {isa = PBXFileReference; lastKnownFileType = sourcecode.swift; path = TableChatView.swift; sourceTree = "<group>"; };
		D4B77D50472E65387B8CA9A2 /* Pods_StayAwhile.framework */ = {isa = PBXFileReference; explicitFileType = wrapper.framework; includeInIndex = 0; path = Pods_StayAwhile.framework; sourceTree = BUILT_PRODUCTS_DIR; };
		DF064487998D693A31BCD632 /* Pods-StayAwhile.debug.xcconfig */ = {isa = PBXFileReference; includeInIndex = 1; lastKnownFileType = text.xcconfig; name = "Pods-StayAwhile.debug.xcconfig"; path = "Target Support Files/Pods-StayAwhile/Pods-StayAwhile.debug.xcconfig"; sourceTree = "<group>"; };
/* End PBXFileReference section */

/* Begin PBXFrameworksBuildPhase section */
		BFBD6E0E21F8BCD100454534 /* Frameworks */ = {
			isa = PBXFrameworksBuildPhase;
			buildActionMask = 2147483647;
			files = (
				A5654056E92FB8863E11E4FB /* Pods_StayAwhile.framework in Frameworks */,
			);
			runOnlyForDeploymentPostprocessing = 0;
		};
/* End PBXFrameworksBuildPhase section */

/* Begin PBXGroup section */
		94DAFA46933EF06C42E9E1E0 /* Frameworks */ = {
			isa = PBXGroup;
			children = (
				D4B77D50472E65387B8CA9A2 /* Pods_StayAwhile.framework */,
			);
			name = Frameworks;
			sourceTree = "<group>";
		};
		BFBD6E0821F8BCD100454534 = {
			isa = PBXGroup;
			children = (
				BF754F3A21F8BFFD000BB110 /* Bridging-Header.h */,
				BFBD6E1321F8BCD100454534 /* StayAwhile */,
				BFBD6E1221F8BCD100454534 /* Products */,
				E083966AE623572949945CBA /* Pods */,
				94DAFA46933EF06C42E9E1E0 /* Frameworks */,
			);
			sourceTree = "<group>";
		};
		BFBD6E1221F8BCD100454534 /* Products */ = {
			isa = PBXGroup;
			children = (
				BFBD6E1121F8BCD100454534 /* StayAwhile.app */,
			);
			name = Products;
			sourceTree = "<group>";
		};
		BFBD6E1321F8BCD100454534 /* StayAwhile */ = {
			isa = PBXGroup;
			children = (
				BFBD6E1421F8BCD100454534 /* AppDelegate.swift */,
				BFBD6E1621F8BCD100454534 /* ChatViewController.swift */,
				BFBD6E1821F8BCD100454534 /* Main.storyboard */,
				BFBD6E1B21F8BCD200454534 /* Assets.xcassets */,
				BFBD6E1D21F8BCD200454534 /* LaunchScreen.storyboard */,
				BFBD6E2021F8BCD200454534 /* Info.plist */,
				BF754F3B21F8C264000BB110 /* GoogleService-Info.plist */,
				BF754F3D21F8C30D000BB110 /* Constants.swift */,
				BFFB908A21F9C844005D97D6 /* CollectionChatView.swift */,
				BFFB908C21F9CF37005D97D6 /* TableChatView.swift */,
			);
			path = StayAwhile;
			sourceTree = "<group>";
		};
		E083966AE623572949945CBA /* Pods */ = {
			isa = PBXGroup;
			children = (
				DF064487998D693A31BCD632 /* Pods-StayAwhile.debug.xcconfig */,
				4ACE436EC1CC75EF4AB12164 /* Pods-StayAwhile.release.xcconfig */,
			);
			path = Pods;
			sourceTree = "<group>";
		};
/* End PBXGroup section */

/* Begin PBXNativeTarget section */
		BFBD6E1021F8BCD100454534 /* StayAwhile */ = {
			isa = PBXNativeTarget;
			buildConfigurationList = BFBD6E2321F8BCD200454534 /* Build configuration list for PBXNativeTarget "StayAwhile" */;
			buildPhases = (
				44AC3B466A5BC62E7D8AA846 /* [CP] Check Pods Manifest.lock */,
				BFBD6E0D21F8BCD100454534 /* Sources */,
				BFBD6E0E21F8BCD100454534 /* Frameworks */,
				BFBD6E0F21F8BCD100454534 /* Resources */,
				1FB0D57BC91226200BAF56A6 /* [CP] Embed Pods Frameworks */,
			);
			buildRules = (
			);
			dependencies = (
			);
			name = StayAwhile;
			productName = StayAwhile;
			productReference = BFBD6E1121F8BCD100454534 /* StayAwhile.app */;
			productType = "com.apple.product-type.application";
		};
/* End PBXNativeTarget section */

/* Begin PBXProject section */
		BFBD6E0921F8BCD100454534 /* Project object */ = {
			isa = PBXProject;
			attributes = {
				LastSwiftUpdateCheck = 1010;
				LastUpgradeCheck = 1010;
				ORGANIZATIONNAME = "Riley Usagi";
				TargetAttributes = {
					BFBD6E1021F8BCD100454534 = {
						CreatedOnToolsVersion = 10.1;
					};
				};
			};
			buildConfigurationList = BFBD6E0C21F8BCD100454534 /* Build configuration list for PBXProject "StayAwhile" */;
			compatibilityVersion = "Xcode 9.3";
			developmentRegion = en;
			hasScannedForEncodings = 0;
			knownRegions = (
				en,
				Base,
			);
			mainGroup = BFBD6E0821F8BCD100454534;
			productRefGroup = BFBD6E1221F8BCD100454534 /* Products */;
			projectDirPath = "";
			projectRoot = "";
			targets = (
				BFBD6E1021F8BCD100454534 /* StayAwhile */,
			);
		};
/* End PBXProject section */

/* Begin PBXResourcesBuildPhase section */
		BFBD6E0F21F8BCD100454534 /* Resources */ = {
			isa = PBXResourcesBuildPhase;
			buildActionMask = 2147483647;
			files = (
				BFBD6E1F21F8BCD200454534 /* LaunchScreen.storyboard in Resources */,
				BF754F3C21F8C264000BB110 /* GoogleService-Info.plist in Resources */,
				BFBD6E1C21F8BCD200454534 /* Assets.xcassets in Resources */,
				BFBD6E1A21F8BCD100454534 /* Main.storyboard in Resources */,
			);
			runOnlyForDeploymentPostprocessing = 0;
		};
/* End PBXResourcesBuildPhase section */

/* Begin PBXShellScriptBuildPhase section */
		1FB0D57BC91226200BAF56A6 /* [CP] Embed Pods Frameworks */ = {
			isa = PBXShellScriptBuildPhase;
			buildActionMask = 2147483647;
			files = (
			);
			inputFileListPaths = (
			);
			inputPaths = (
				"${PODS_ROOT}/Target Support Files/Pods-StayAwhile/Pods-StayAwhile-frameworks.sh",
				"${BUILT_PRODUCTS_DIR}/GTMSessionFetcher/GTMSessionFetcher.framework",
				"${BUILT_PRODUCTS_DIR}/GoogleUtilities/GoogleUtilities.framework",
				"${BUILT_PRODUCTS_DIR}/JSQMessagesViewController/JSQMessagesViewController.framework",
				"${BUILT_PRODUCTS_DIR}/JSQSystemSoundPlayer/JSQSystemSoundPlayer.framework",
				"${BUILT_PRODUCTS_DIR}/Magic/Magic.framework",
				"${BUILT_PRODUCTS_DIR}/leveldb-library/leveldb.framework",
				"${BUILT_PRODUCTS_DIR}/nanopb/nanopb.framework",
			);
			name = "[CP] Embed Pods Frameworks";
			outputFileListPaths = (
			);
			outputPaths = (
				"${TARGET_BUILD_DIR}/${FRAMEWORKS_FOLDER_PATH}/GTMSessionFetcher.framework",
				"${TARGET_BUILD_DIR}/${FRAMEWORKS_FOLDER_PATH}/GoogleUtilities.framework",
				"${TARGET_BUILD_DIR}/${FRAMEWORKS_FOLDER_PATH}/JSQMessagesViewController.framework",
				"${TARGET_BUILD_DIR}/${FRAMEWORKS_FOLDER_PATH}/JSQSystemSoundPlayer.framework",
				"${TARGET_BUILD_DIR}/${FRAMEWORKS_FOLDER_PATH}/Magic.framework",
				"${TARGET_BUILD_DIR}/${FRAMEWORKS_FOLDER_PATH}/leveldb.framework",
				"${TARGET_BUILD_DIR}/${FRAMEWORKS_FOLDER_PATH}/nanopb.framework",
			);
			runOnlyForDeploymentPostprocessing = 0;
			shellPath = /bin/sh;
			shellScript = "\"${PODS_ROOT}/Target Support Files/Pods-StayAwhile/Pods-StayAwhile-frameworks.sh\"\n";
			showEnvVarsInLog = 0;
		};
		44AC3B466A5BC62E7D8AA846 /* [CP] Check Pods Manifest.lock */ = {
			isa = PBXShellScriptBuildPhase;
			buildActionMask = 2147483647;
			files = (
			);
			inputFileListPaths = (
			);
			inputPaths = (
				"${PODS_PODFILE_DIR_PATH}/Podfile.lock",
				"${PODS_ROOT}/Manifest.lock",
			);
			name = "[CP] Check Pods Manifest.lock";
			outputFileListPaths = (
			);
			outputPaths = (
				"$(DERIVED_FILE_DIR)/Pods-StayAwhile-checkManifestLockResult.txt",
			);
			runOnlyForDeploymentPostprocessing = 0;
			shellPath = /bin/sh;
			shellScript = "diff \"${PODS_PODFILE_DIR_PATH}/Podfile.lock\" \"${PODS_ROOT}/Manifest.lock\" > /dev/null\nif [ $? != 0 ] ; then\n    # print error to STDERR\n    echo \"error: The sandbox is not in sync with the Podfile.lock. Run 'pod install' or update your CocoaPods installation.\" >&2\n    exit 1\nfi\n# This output is used by Xcode 'outputs' to avoid re-running this script phase.\necho \"SUCCESS\" > \"${SCRIPT_OUTPUT_FILE_0}\"\n";
			showEnvVarsInLog = 0;
		};
/* End PBXShellScriptBuildPhase section */

/* Begin PBXSourcesBuildPhase section */
		BFBD6E0D21F8BCD100454534 /* Sources */ = {
			isa = PBXSourcesBuildPhase;
			buildActionMask = 2147483647;
			files = (
				BFFB908B21F9C844005D97D6 /* CollectionChatView.swift in Sources */,
				BFBD6E1721F8BCD100454534 /* ChatViewController.swift in Sources */,
				BFFB908D21F9CF37005D97D6 /* TableChatView.swift in Sources */,
				BFBD6E1521F8BCD100454534 /* AppDelegate.swift in Sources */,
				BF754F3E21F8C30D000BB110 /* Constants.swift in Sources */,
			);
			runOnlyForDeploymentPostprocessing = 0;
		};
/* End PBXSourcesBuildPhase section */

/* Begin PBXVariantGroup section */
		BFBD6E1821F8BCD100454534 /* Main.storyboard */ = {
			isa = PBXVariantGroup;
			children = (
				BFBD6E1921F8BCD100454534 /* Base */,
			);
			name = Main.storyboard;
			sourceTree = "<group>";
		};
		BFBD6E1D21F8BCD200454534 /* LaunchScreen.storyboard */ = {
			isa = PBXVariantGroup;
			children = (
				BFBD6E1E21F8BCD200454534 /* Base */,
			);
			name = LaunchScreen.storyboard;
			sourceTree = "<group>";
		};
/* End PBXVariantGroup section */

/* Begin XCBuildConfiguration section */
		BFBD6E2121F8BCD200454534 /* Debug */ = {
			isa = XCBuildConfiguration;
			buildSettings = {
				ALWAYS_SEARCH_USER_PATHS = NO;
				CLANG_ANALYZER_NONNULL = YES;
				CLANG_ANALYZER_NUMBER_OBJECT_CONVERSION = YES_AGGRESSIVE;
				CLANG_CXX_LANGUAGE_STANDARD = "gnu++14";
				CLANG_CXX_LIBRARY = "libc++";
				CLANG_ENABLE_MODULES = YES;
				CLANG_ENABLE_OBJC_ARC = YES;
				CLANG_ENABLE_OBJC_WEAK = YES;
				CLANG_WARN_BLOCK_CAPTURE_AUTORELEASING = YES;
				CLANG_WARN_BOOL_CONVERSION = YES;
				CLANG_WARN_COMMA = YES;
				CLANG_WARN_CONSTANT_CONVERSION = YES;
				CLANG_WARN_DEPRECATED_OBJC_IMPLEMENTATIONS = YES;
				CLANG_WARN_DIRECT_OBJC_ISA_USAGE = YES_ERROR;
				CLANG_WARN_DOCUMENTATION_COMMENTS = YES;
				CLANG_WARN_EMPTY_BODY = YES;
				CLANG_WARN_ENUM_CONVERSION = YES;
				CLANG_WARN_INFINITE_RECURSION = YES;
				CLANG_WARN_INT_CONVERSION = YES;
				CLANG_WARN_NON_LITERAL_NULL_CONVERSION = YES;
				CLANG_WARN_OBJC_IMPLICIT_RETAIN_SELF = YES;
				CLANG_WARN_OBJC_LITERAL_CONVERSION = YES;
				CLANG_WARN_OBJC_ROOT_CLASS = YES_ERROR;
				CLANG_WARN_RANGE_LOOP_ANALYSIS = YES;
				CLANG_WARN_STRICT_PROTOTYPES = YES;
				CLANG_WARN_SUSPICIOUS_MOVE = YES;
				CLANG_WARN_UNGUARDED_AVAILABILITY = YES_AGGRESSIVE;
				CLANG_WARN_UNREACHABLE_CODE = YES;
				CLANG_WARN__DUPLICATE_METHOD_MATCH = YES;
				CODE_SIGN_IDENTITY = "iPhone Developer";
				COPY_PHASE_STRIP = NO;
				DEBUG_INFORMATION_FORMAT = dwarf;
				ENABLE_STRICT_OBJC_MSGSEND = YES;
				ENABLE_TESTABILITY = YES;
				GCC_C_LANGUAGE_STANDARD = gnu11;
				GCC_DYNAMIC_NO_PIC = NO;
				GCC_NO_COMMON_BLOCKS = YES;
				GCC_OPTIMIZATION_LEVEL = 0;
				GCC_PREPROCESSOR_DEFINITIONS = (
					"DEBUG=1",
					"$(inherited)",
				);
				GCC_WARN_64_TO_32_BIT_CONVERSION = YES;
				GCC_WARN_ABOUT_RETURN_TYPE = YES_ERROR;
				GCC_WARN_UNDECLARED_SELECTOR = YES;
				GCC_WARN_UNINITIALIZED_AUTOS = YES_AGGRESSIVE;
				GCC_WARN_UNUSED_FUNCTION = YES;
				GCC_WARN_UNUSED_VARIABLE = YES;
				IPHONEOS_DEPLOYMENT_TARGET = 12.1;
				MTL_ENABLE_DEBUG_INFO = INCLUDE_SOURCE;
				MTL_FAST_MATH = YES;
				ONLY_ACTIVE_ARCH = YES;
				SDKROOT = iphoneos;
				SWIFT_ACTIVE_COMPILATION_CONDITIONS = DEBUG;
				SWIFT_OPTIMIZATION_LEVEL = "-Onone";
			};
			name = Debug;
		};
		BFBD6E2221F8BCD200454534 /* Release */ = {
			isa = XCBuildConfiguration;
			buildSettings = {
				ALWAYS_SEARCH_USER_PATHS = NO;
				CLANG_ANALYZER_NONNULL = YES;
				CLANG_ANALYZER_NUMBER_OBJECT_CONVERSION = YES_AGGRESSIVE;
				CLANG_CXX_LANGUAGE_STANDARD = "gnu++14";
				CLANG_CXX_LIBRARY = "libc++";
				CLANG_ENABLE_MODULES = YES;
				CLANG_ENABLE_OBJC_ARC = YES;
				CLANG_ENABLE_OBJC_WEAK = YES;
				CLANG_WARN_BLOCK_CAPTURE_AUTORELEASING = YES;
				CLANG_WARN_BOOL_CONVERSION = YES;
				CLANG_WARN_COMMA = YES;
				CLANG_WARN_CONSTANT_CONVERSION = YES;
				CLANG_WARN_DEPRECATED_OBJC_IMPLEMENTATIONS = YES;
				CLANG_WARN_DIRECT_OBJC_ISA_USAGE = YES_ERROR;
				CLANG_WARN_DOCUMENTATION_COMMENTS = YES;
				CLANG_WARN_EMPTY_BODY = YES;
				CLANG_WARN_ENUM_CONVERSION = YES;
				CLANG_WARN_INFINITE_RECURSION = YES;
				CLANG_WARN_INT_CONVERSION = YES;
				CLANG_WARN_NON_LITERAL_NULL_CONVERSION = YES;
				CLANG_WARN_OBJC_IMPLICIT_RETAIN_SELF = YES;
				CLANG_WARN_OBJC_LITERAL_CONVERSION = YES;
				CLANG_WARN_OBJC_ROOT_CLASS = YES_ERROR;
				CLANG_WARN_RANGE_LOOP_ANALYSIS = YES;
				CLANG_WARN_STRICT_PROTOTYPES = YES;
				CLANG_WARN_SUSPICIOUS_MOVE = YES;
				CLANG_WARN_UNGUARDED_AVAILABILITY = YES_AGGRESSIVE;
				CLANG_WARN_UNREACHABLE_CODE = YES;
				CLANG_WARN__DUPLICATE_METHOD_MATCH = YES;
				CODE_SIGN_IDENTITY = "iPhone Developer";
				COPY_PHASE_STRIP = NO;
				DEBUG_INFORMATION_FORMAT = "dwarf-with-dsym";
				ENABLE_NS_ASSERTIONS = NO;
				ENABLE_STRICT_OBJC_MSGSEND = YES;
				GCC_C_LANGUAGE_STANDARD = gnu11;
				GCC_NO_COMMON_BLOCKS = YES;
				GCC_WARN_64_TO_32_BIT_CONVERSION = YES;
				GCC_WARN_ABOUT_RETURN_TYPE = YES_ERROR;
				GCC_WARN_UNDECLARED_SELECTOR = YES;
				GCC_WARN_UNINITIALIZED_AUTOS = YES_AGGRESSIVE;
				GCC_WARN_UNUSED_FUNCTION = YES;
				GCC_WARN_UNUSED_VARIABLE = YES;
				IPHONEOS_DEPLOYMENT_TARGET = 12.1;
				MTL_ENABLE_DEBUG_INFO = NO;
				MTL_FAST_MATH = YES;
				SDKROOT = iphoneos;
				SWIFT_COMPILATION_MODE = wholemodule;
				SWIFT_OPTIMIZATION_LEVEL = "-O";
				VALIDATE_PRODUCT = YES;
			};
			name = Release;
		};
		BFBD6E2421F8BCD200454534 /* Debug */ = {
			isa = XCBuildConfiguration;
			baseConfigurationReference = DF064487998D693A31BCD632 /* Pods-StayAwhile.debug.xcconfig */;
			buildSettings = {
				ASSETCATALOG_COMPILER_APPICON_NAME = AppIcon;
				CODE_SIGN_STYLE = Automatic;
				DEVELOPMENT_TEAM = 683CXDNH79;
				INFOPLIST_FILE = StayAwhile/Info.plist;
				IPHONEOS_DEPLOYMENT_TARGET = 12.0;
				LD_RUNPATH_SEARCH_PATHS = (
					"$(inherited)",
					"@executable_path/Frameworks",
				);
				PRODUCT_BUNDLE_IDENTIFIER = "Elanice-Ai.StayAwhile";
				PRODUCT_NAME = "$(TARGET_NAME)";
				"SWIFT_OBJC_BRIDGING_HEADER[arch=*]" = "Bridging-Header.h";
				SWIFT_VERSION = 4.2;
				TARGETED_DEVICE_FAMILY = 1;
			};
			name = Debug;
		};
		BFBD6E2521F8BCD200454534 /* Release */ = {
			isa = XCBuildConfiguration;
			baseConfigurationReference = 4ACE436EC1CC75EF4AB12164 /* Pods-StayAwhile.release.xcconfig */;
			buildSettings = {
				ASSETCATALOG_COMPILER_APPICON_NAME = AppIcon;
				CODE_SIGN_STYLE = Automatic;
				DEVELOPMENT_TEAM = 683CXDNH79;
				INFOPLIST_FILE = StayAwhile/Info.plist;
				IPHONEOS_DEPLOYMENT_TARGET = 12.0;
				LD_RUNPATH_SEARCH_PATHS = (
					"$(inherited)",
					"@executable_path/Frameworks",
				);
				PRODUCT_BUNDLE_IDENTIFIER = "Elanice-Ai.StayAwhile";
				PRODUCT_NAME = "$(TARGET_NAME)";
				"SWIFT_OBJC_BRIDGING_HEADER[arch=*]" = "Bridging-Header.h";
				SWIFT_VERSION = 4.2;
				TARGETED_DEVICE_FAMILY = 1;
			};
			name = Release;
		};
/* End XCBuildConfiguration section */

/* Begin XCConfigurationList section */
		BFBD6E0C21F8BCD100454534 /* Build configuration list for PBXProject "StayAwhile" */ = {
			isa = XCConfigurationList;
			buildConfigurations = (
				BFBD6E2121F8BCD200454534 /* Debug */,
				BFBD6E2221F8BCD200454534 /* Release */,
			);
			defaultConfigurationIsVisible = 0;
			defaultConfigurationName = Release;
		};
		BFBD6E2321F8BCD200454534 /* Build configuration list for PBXNativeTarget "StayAwhile" */ = {
			isa = XCConfigurationList;
			buildConfigurations = (
				BFBD6E2421F8BCD200454534 /* Debug */,
				BFBD6E2521F8BCD200454534 /* Release */,
			);
			defaultConfigurationIsVisible = 0;
			defaultConfigurationName = Release;
		};
/* End XCConfigurationList section */
	};
	rootObject = BFBD6E0921F8BCD100454534 /* Project object */;
}
